{
  "nodes": {
    "nixpkgs": {
      "locked": {
        "lastModified": 1766902085,
        "narHash": "sha256-coBu0ONtFzlwwVBzmjacUQwj3G+lybcZ1oeNSQkgC0M=",
        "owner": "NixOS",
        "repo": "nixpkgs",
        "rev": "c0b0e0fddf73fd517c3471e546c0df87a42d53f4",
        "type": "github"
      },
      "original": {
        "owner": "NixOS",
        "ref": "nixos-unstable",
        "repo": "nixpkgs",
        "type": "github"
      }
    },
    "nixpkgs_2": {
      "locked": {
        "lastModified": 1761229794,
        "narHash": "sha256-YkH1zHrMIFVPPbWN/smJVay/o2mLeV4Dynfn6J8MaHA=",
        "owner": "NixOS",
        "repo": "nixpkgs",
        "rev": "ddd7747c41a3d12106c6a8d9c81720e13460b761",
        "type": "github"
      },
      "original": {
        "owner": "NixOS",
        "repo": "nixpkgs",
        "type": "github"
      }
    },
    "nixpkgs_3": {
      "locked": {
        "lastModified": 1760805303,
        "narHash": "sha256-xWz9ZoK29VsohP07Uk4sCQbzubcAFezFScNXY9qbuv0=",
        "owner": "NixOS",
        "repo": "nixpkgs",
        "rev": "563b5142120c61c009c6996ca7d79c700b8af2b2",
        "type": "github"
      },
      "original": {
        "owner": "NixOS",
        "repo": "nixpkgs",
        "type": "github"
      }
    },
    "properties-tools": {
      "inputs": {
        "nixpkgs": "nixpkgs_3"
      },
      "locked": {
        "lastModified": 1760879177,
        "narHash": "sha256-vB9Kv8wY5xP8XQvxirT9LzhPDfR00+nWzVRTXrrHBF8=",
        "ref": "refs/heads/main",
        "rev": "5d679edef38e3f0766f5446b2b54004d5882cbcb",
        "revCount": 10,
        "type": "git",
        "url": "https://codeberg.org/mhwombat/properties-tools"
      },
      "original": {
        "type": "git",
        "url": "https://codeberg.org/mhwombat/properties-tools"
      }
    },
    "root": {
      "inputs": {
        "nixpkgs": "nixpkgs",
        "wombat-themer": "wombat-themer"
      }
    },
    "wombat-themer": {
      "inputs": {
        "nixpkgs": "nixpkgs_2",
        "properties-tools": "properties-tools"
      },
      "locked": {
        "lastModified": 1761421070,
        "narHash": "sha256-TFGp1B3xCxJP86WGcPEFUmz3fpGJZ1e4TXq/5jlaw9c=",
        "ref": "refs/heads/main",
        "rev": "888dd43621c291d9416528ae24e74234ee694e2a",
        "revCount": 20,
        "type": "git",
        "url": "https://codeberg.org/mhwombat/wombat-themer"
      },
      "original": {
        "type": "git",
        "url": "https://codeberg.org/mhwombat/wombat-themer"
      }
    }
  },
  "root": "root",
  "version": 7
}
