{
  "nodes": {
    "nixpkgs": {
      "locked": {
        "lastModified": 1770562336,
        "narHash": "sha256-ub1gpAONMFsT/GU2hV6ZWJjur8rJ6kKxdm9IlCT0j84=",
        "owner": "NixOS",
        "repo": "nixpkgs",
        "rev": "d6c71932130818840fc8fe9509cf50be8c64634f",
        "type": "github"
      },
      "original": {
        "owner": "NixOS",
        "ref": "nixos-unstable",
        "repo": "nixpkgs",
        "type": "github"
      }
    },
    "nixpkgs_2": {
      "locked": {
        "lastModified": 1761229794,
        "narHash": "sha256-YkH1zHrMIFVPPbWN/smJVay/o2mLeV4Dynfn6J8MaHA=",
        "owner": "NixOS",
        "repo": "nixpkgs",
        "rev": "ddd7747c41a3d12106c6a8d9c81720e13460b761",
        "type": "github"
      },
      "original": {
        "owner": "NixOS",
        "repo": "nixpkgs",
        "type": "github"
      }
    },
    "nixpkgs_3": {
      "locked": {
        "lastModified": 1760805303,
        "narHash": "sha256-xWz9ZoK29VsohP07Uk4sCQbzubcAFezFScNXY9qbuv0=",
        "owner": "NixOS",
        "repo": "nixpkgs",
        "rev": "563b5142120c61c009c6996ca7d79c700b8af2b2",
        "type": "github"
      },
      "original": {
        "owner": "NixOS",
        "repo": "nixpkgs",
        "type": "github"
      }
    },
    "properties-tools": {
      "inputs": {
        "nixpkgs": "nixpkgs_3"
      },
      "locked": {
        "lastModified": 1760879177,
        "narHash": "sha256-vB9Kv8wY5xP8XQvxirT9LzhPDfR00+nWzVRTXrrHBF8=",
        "ref": "refs/heads/main",
        "rev": "5d679edef38e3f0766f5446b2b54004d5882cbcb",
        "revCount": 10,
        "type": "git",
        "url": "https://codeberg.org/mhwombat/properties-tools"
      },
      "original": {
        "type": "git",
        "url": "https://codeberg.org/mhwombat/properties-tools"
      }
    },
    "root": {
      "inputs": {
        "nixpkgs": "nixpkgs",
        "wombat-themer": "wombat-themer"
      }
    },
    "wombat-themer": {
      "inputs": {
        "nixpkgs": "nixpkgs_2",
        "properties-tools": "properties-tools"
      },
      "locked": {
        "lastModified": 1768851901,
        "narHash": "sha256-tpoHcmK/RcAmBITlnONd9CXc0DU+1rtH2RkdccgzwNk=",
        "ref": "refs/heads/main",
        "rev": "e32d6bb7b62d117a72033ddf6dad1ab1e9f48f5c",
        "revCount": 22,
        "type": "git",
        "url": "https://codeberg.org/mhwombat/wombat-themer"
      },
      "original": {
        "type": "git",
        "url": "https://codeberg.org/mhwombat/wombat-themer"
      }
    }
  },
  "root": "root",
  "version": 7
}
