{
  "nodes": {
    "flake-utils": {
      "inputs": {
        "systems": "systems"
      },
      "locked": {
        "lastModified": 1681202837,
        "narHash": "sha256-H+Rh19JDwRtpVPAWp64F+rlEtxUWBAQW28eAi3SRSzg=",
        "owner": "numtide",
        "repo": "flake-utils",
        "rev": "cfacdce06f30d2b68473a46042957675eebb3401",
        "type": "github"
      },
      "original": {
        "owner": "numtide",
        "repo": "flake-utils",
        "type": "github"
      }
    },
    "hello-flake": {
      "inputs": {
        "flake-utils": "flake-utils",
        "nixpkgs": "nixpkgs"
      },
      "locked": {
        "lastModified": 1684524031,
        "narHash": "sha256-0DYX7S7u5S2no2e6jiIv7cRfbpM5JBJq7+/1CUKEGxA=",
        "ref": "refs/heads/main",
        "rev": "099bfadc43f79a8929809bd097d12ef5de73ef62",
        "revCount": 24,
        "type": "git",
        "url": "https://codeberg.org/mhwombat/hello-flake"
      },
      "original": {
        "type": "git",
        "url": "https://codeberg.org/mhwombat/hello-flake"
      }
    },
    "nixpkgs": {
      "locked": {
        "lastModified": 1681665000,
        "narHash": "sha256-hDGTR59wC3qrQZFxVi2U3vTY+r02+Okbq080hO1C4Nk=",
        "owner": "NixOS",
        "repo": "nixpkgs",
        "rev": "3a6205d9f79fe526be03d8c465403b118ca4cf37",
        "type": "github"
      },
      "original": {
        "owner": "NixOS",
        "repo": "nixpkgs",
        "type": "github"
      }
    },
    "nixpkgs_2": {
      "locked": {
        "lastModified": 1757347588,
        "narHash": "sha256-tLdkkC6XnsY9EOZW9TlpesTclELy8W7lL2ClL+nma8o=",
        "owner": "NixOS",
        "repo": "nixpkgs",
        "rev": "b599843bad24621dcaa5ab60dac98f9b0eb1cabe",
        "type": "github"
      },
      "original": {
        "owner": "NixOS",
        "ref": "nixos-unstable",
        "repo": "nixpkgs",
        "type": "github"
      }
    },
    "root": {
      "inputs": {
        "hello-flake": "hello-flake",
        "nixpkgs": "nixpkgs_2"
      }
    },
    "systems": {
      "locked": {
        "lastModified": 1681028828,
        "narHash": "sha256-Vy1rq5AaRuLzOxct8nz4T6wlgyUR7zLU309k9mBC768=",
        "owner": "nix-systems",
        "repo": "default",
        "rev": "da67096a3b9bf56a91d16901293e51ba5b49a27e",
        "type": "github"
      },
      "original": {
        "owner": "nix-systems",
        "repo": "default",
        "type": "github"
      }
    }
  },
  "root": "root",
  "version": 7
}
